Microsoft Visual Studio Solution File, Format Version 12.00
# Visual Studio Version 17
VisualStudioVersion = 17.5.2.0
MinimumVisualStudioVersion = 10.0.40219.1
Project("{FAE04EC0-301F-11D3-BF4B-00C04F79EFBC}") = "openfda", "openfda.csproj", "{383454E4-D771-DC88-A6CD-927EB0218CC0}"
EndProject
Global
	GlobalSection(SolutionConfigurationPlatforms) = preSolution
		Debug|Any CPU = Debug|Any CPU
		Release|Any CPU = Release|Any CPU
	EndGlobalSection
	GlobalSection(ProjectConfigurationPlatforms) = postSolution
		{383454E4-D771-DC88-A6CD-927EB0218CC0}.Debug|Any CPU.ActiveCfg = Debug|Any CPU
		{383454E4-D771-DC88-A6CD-927EB0218CC0}.Debug|Any CPU.Build.0 = Debug|Any CPU
		{383454E4-D771-DC88-A6CD-927EB0218CC0}.Release|Any CPU.ActiveCfg = Release|Any CPU
		{383454E4-D771-DC88-A6CD-927EB0218CC0}.Release|Any CPU.Build.0 = Release|Any CPU
	EndGlobalSection
	GlobalSection(SolutionProperties) = preSolution
		HideSolutionNode = FALSE
	EndGlobalSection
	GlobalSection(ExtensibilityGlobals) = postSolution
		SolutionGuid = {FFDA4FEA-6AC6-49F3-93DF-28D0765F1571}
	EndGlobalSection
EndGlobal
